
Microsoft Visual Studio Solution File, Format Version 12.00
# Visual Studio 15
VisualStudioVersion = 15.0.28307.438
MinimumVisualStudioVersion = 10.0.40219.1
Project("{FAE04EC0-301F-11D3-BF4B-00C04F79EFBC}") = "Patterns.Core", "Patterns.Core\Patterns.Core.csproj", "{683C8120-8176-4DF0-A8F2-DE5F25D68F4B}"
EndProject
Project("{FAE04EC0-301F-11D3-BF4B-00C04F79EFBC}") = "Patterns.Test", "Patterns.Test\Patterns.Test.csproj", "{E2E4128A-1610-4489-AAB8-AD1397B586B9}"
EndProject
Global
	GlobalSection(SolutionConfigurationPlatforms) = preSolution
		Debug|Any CPU = Debug|Any CPU
		Release|Any CPU = Release|Any CPU
	EndGlobalSection
	GlobalSection(ProjectConfigurationPlatforms) = postSolution
		{683C8120-8176-4DF0-A8F2-DE5F25D68F4B}.Debug|Any CPU.ActiveCfg = Debug|Any CPU
		{683C8120-8176-4DF0-A8F2-DE5F25D68F4B}.Debug|Any CPU.Build.0 = Debug|Any CPU
		{683C8120-8176-4DF0-A8F2-DE5F25D68F4B}.Release|Any CPU.ActiveCfg = Release|Any CPU
		{683C8120-8176-4DF0-A8F2-DE5F25D68F4B}.Release|Any CPU.Build.0 = Release|Any CPU
		{E2E4128A-1610-4489-AAB8-AD1397B586B9}.Debug|Any CPU.ActiveCfg = Debug|Any CPU
		{E2E4128A-1610-4489-AAB8-AD1397B586B9}.Debug|Any CPU.Build.0 = Debug|Any CPU
		{E2E4128A-1610-4489-AAB8-AD1397B586B9}.Release|Any CPU.ActiveCfg = Release|Any CPU
		{E2E4128A-1610-4489-AAB8-AD1397B586B9}.Release|Any CPU.Build.0 = Release|Any CPU
	EndGlobalSection
	GlobalSection(SolutionProperties) = preSolution
		HideSolutionNode = FALSE
	EndGlobalSection
	GlobalSection(ExtensibilityGlobals) = postSolution
		SolutionGuid = {0C883915-0705-4694-9FC0-35D6C66A89AB}
	EndGlobalSection
EndGlobal
